// !$*UTF8*$!
{
	archiveVersion = 1;
	classes = {
	};
	objectVersion = 46;
	objects = {

/* Begin PBXBuildFile section */
		049B34931C720883000021A3 /* Hydrogen.m in Sources */ = {isa = PBXBuildFile; fileRef = 049B34921C720883000021A3 /* Hydrogen.m */; };
		04A185C21C71424F00DB4878 /* main.m in Sources */ = {isa = PBXBuildFile; fileRef = 04A185C11C71424F00DB4878 /* main.m */; };
		04A185CA1C7146AF00DB4878 /* Atom.m in Sources */ = {isa = PBXBuildFile; fileRef = 04A185C91C7146AF00DB4878 /* Atom.m */; };
/* End PBXBuildFile section */

/* Begin PBXCopyFilesBuildPhase section */
		04A185BC1C71424F00DB4878 /* CopyFiles */ = {
			isa = PBXCopyFilesBuildPhase;
			buildActionMask = 2147483647;
			dstPath = /usr/share/man/man1/;
			dstSubfolderSpec = 0;
			files = (
			);
			runOnlyForDeploymentPostprocessing = 1;
		};
/* End PBXCopyFilesBuildPhase section */

/* Begin PBXFileReference section */
		049B34911C720883000021A3 /* Hydrogen.h */ = {isa = PBXFileReference; fileEncoding = 4; lastKnownFileType = sourcecode.c.h; path = Hydrogen.h; sourceTree = "<group>"; };
		049B34921C720883000021A3 /* Hydrogen.m */ = {isa = PBXFileReference; fileEncoding = 4; lastKnownFileType = sourcecode.c.objc; path = Hydrogen.m; sourceTree = "<group>"; };
		04A185BE1C71424F00DB4878 /* ObcLearn */ = {isa = PBXFileReference; explicitFileType = "compiled.mach-o.executable"; includeInIndex = 0; path = ObcLearn; sourceTree = BUILT_PRODUCTS_DIR; };
		04A185C11C71424F00DB4878 /* main.m */ = {isa = PBXFileReference; lastKnownFileType = sourcecode.c.objc; path = main.m; sourceTree = "<group>"; };
		04A185C81C7146AF00DB4878 /* Atom.h */ = {isa = PBXFileReference; fileEncoding = 4; lastKnownFileType = sourcecode.c.h; path = Atom.h; sourceTree = "<group>"; };
		04A185C91C7146AF00DB4878 /* Atom.m */ = {isa = PBXFileReference; fileEncoding = 4; lastKnownFileType = sourcecode.c.objc; path = Atom.m; sourceTree = "<group>"; };
/* End PBXFileReference section */

/* Begin PBXFrameworksBuildPhase section */
		04A185BB1C71424F00DB4878 /* Frameworks */ = {
			isa = PBXFrameworksBuildPhase;
			buildActionMask = 2147483647;
			files = (
			);
			runOnlyForDeploymentPostprocessing = 0;
		};
/* End PBXFrameworksBuildPhase section */

/* Begin PBXGroup section */
		04A185B51C71424F00DB4878 = {
			isa = PBXGroup;
			children = (
				04A185C01C71424F00DB4878 /* ObcLearn */,
				04A185BF1C71424F00DB4878 /* Products */,
			);
			sourceTree = "<group>";
		};
		04A185BF1C71424F00DB4878 /* Products */ = {
			isa = PBXGroup;
			children = (
				04A185BE1C71424F00DB4878 /* ObcLearn */,
			);
			name = Products;
			sourceTree = "<group>";
		};
		04A185C01C71424F00DB4878 /* ObcLearn */ = {
			isa = PBXGroup;
			children = (
				04A185C11C71424F00DB4878 /* main.m */,
				04A185C81C7146AF00DB4878 /* Atom.h */,
				04A185C91C7146AF00DB4878 /* Atom.m */,
				049B34911C720883000021A3 /* Hydrogen.h */,
				049B34921C720883000021A3 /* Hydrogen.m */,
			);
			path = ObcLearn;
			sourceTree = "<group>";
		};
/* End PBXGroup section */

/* Begin PBXNativeTarget section */
		04A185BD1C71424F00DB4878 /* ObcLearn */ = {
			isa = PBXNativeTarget;
			buildConfigurationList = 04A185C51C71424F00DB4878 /* Build configuration list for PBXNativeTarget "ObcLearn" */;
			buildPhases = (
				04A185BA1C71424F00DB4878 /* Sources */,
				04A185BB1C71424F00DB4878 /* Frameworks */,
				04A185BC1C71424F00DB4878 /* CopyFiles */,
			);
			buildRules = (
			);
			dependencies = (
			);
			name = ObcLearn;
			productName = ObcLearn;
			productReference = 04A185BE1C71424F00DB4878 /* ObcLearn */;
			productType = "com.apple.product-type.tool";
		};
/* End PBXNativeTarget section */

/* Begin PBXProject section */
		04A185B61C71424F00DB4878 /* Project object */ = {
			isa = PBXProject;
			attributes = {
				LastUpgradeCheck = 0720;
				ORGANIZATIONNAME = haiMac;
				TargetAttributes = {
					04A185BD1C71424F00DB4878 = {
						CreatedOnToolsVersion = 7.2.1;
					};
				};
			};
			buildConfigurationList = 04A185B91C71424F00DB4878 /* Build configuration list for PBXProject "ObcLearn" */;
			compatibilityVersion = "Xcode 3.2";
			developmentRegion = English;
			hasScannedForEncodings = 0;
			knownRegions = (
				en,
			);
			mainGroup = 04A185B51C71424F00DB4878;
			productRefGroup = 04A185BF1C71424F00DB4878 /* Products */;
			projectDirPath = "";
			projectRoot = "";
			targets = (
				04A185BD1C71424F00DB4878 /* ObcLearn */,
			);
		};
/* End PBXProject section */

/* Begin PBXSourcesBuildPhase section */
		04A185BA1C71424F00DB4878 /* Sources */ = {
			isa = PBXSourcesBuildPhase;
			buildActionMask = 2147483647;
			files = (
				04A185CA1C7146AF00DB4878 /* Atom.m in Sources */,
				04A185C21C71424F00DB4878 /* main.m in Sources */,
				049B34931C720883000021A3 /* Hydrogen.m in Sources */,
			);
			runOnlyForDeploymentPostprocessing = 0;
		};
/* End PBXSourcesBuildPhase section */

/* Begin XCBuildConfiguration section */
		04A185C31C71424F00DB4878 /* Debug */ = {
			isa = XCBuildConfiguration;
			buildSettings = {
				ALWAYS_SEARCH_USER_PATHS = NO;
				CLANG_CXX_LANGUAGE_STANDARD = "gnu++0x";
				CLANG_CXX_LIBRARY = "libc++";
				CLANG_ENABLE_MODULES = YES;
				CLANG_ENABLE_OBJC_ARC = YES;
				CLANG_WARN_BOOL_CONVERSION = YES;
				CLANG_WARN_CONSTANT_CONVERSION = YES;
				CLANG_WARN_DIRECT_OBJC_ISA_USAGE = YES_ERROR;
				CLANG_WARN_EMPTY_BODY = YES;
				CLANG_WARN_ENUM_CONVERSION = YES;
				CLANG_WARN_INT_CONVERSION = YES;
				CLANG_WARN_OBJC_ROOT_CLASS = YES_ERROR;
				CLANG_WARN_UNREACHABLE_CODE = YES;
				CLANG_WARN__DUPLICATE_METHOD_MATCH = YES;
				CODE_SIGN_IDENTITY = "-";
				COPY_PHASE_STRIP = NO;
				DEBUG_INFORMATION_FORMAT = dwarf;
				ENABLE_STRICT_OBJC_MSGSEND = YES;
				ENABLE_TESTABILITY = YES;
				GCC_C_LANGUAGE_STANDARD = gnu99;
				GCC_DYNAMIC_NO_PIC = NO;
				GCC_NO_COMMON_BLOCKS = YES;
				GCC_OPTIMIZATION_LEVEL = 0;
				GCC_PREPROCESSOR_DEFINITIONS = (
					"DEBUG=1",
					"$(inherited)",
				);
				GCC_WARN_64_TO_32_BIT_CONVERSION = YES;
				GCC_WARN_ABOUT_RETURN_TYPE = YES_ERROR;
				GCC_WARN_UNDECLARED_SELECTOR = YES;
				GCC_WARN_UNINITIALIZED_AUTOS = YES_AGGRESSIVE;
				GCC_WARN_UNUSED_FUNCTION = YES;
				GCC_WARN_UNUSED_VARIABLE = YES;
				MACOSX_DEPLOYMENT_TARGET = 10.11;
				MTL_ENABLE_DEBUG_INFO = YES;
				ONLY_ACTIVE_ARCH = YES;
				SDKROOT = macosx;
			};
			name = Debug;
		};
		04A185C41C71424F00DB4878 /* Release */ = {
			isa = XCBuildConfiguration;
			buildSettings = {
				ALWAYS_SEARCH_USER_PATHS = NO;
				CLANG_CXX_LANGUAGE_STANDARD = "gnu++0x";
				CLANG_CXX_LIBRARY = "libc++";
				CLANG_ENABLE_MODULES = YES;
				CLANG_ENABLE_OBJC_ARC = YES;
				CLANG_WARN_BOOL_CONVERSION = YES;
				CLANG_WARN_CONSTANT_CONVERSION = YES;
				CLANG_WARN_DIRECT_OBJC_ISA_USAGE = YES_ERROR;
				CLANG_WARN_EMPTY_BODY = YES;
				CLANG_WARN_ENUM_CONVERSION = YES;
				CLANG_WARN_INT_CONVERSION = YES;
				CLANG_WARN_OBJC_ROOT_CLASS = YES_ERROR;
				CLANG_WARN_UNREACHABLE_CODE = YES;
				CLANG_WARN__DUPLICATE_METHOD_MATCH = YES;
				CODE_SIGN_IDENTITY = "-";
				COPY_PHASE_STRIP = NO;
				DEBUG_INFORMATION_FORMAT = "dwarf-with-dsym";
				ENABLE_NS_ASSERTIONS = NO;
				ENABLE_STRICT_OBJC_MSGSEND = YES;
				GCC_C_LANGUAGE_STANDARD = gnu99;
				GCC_NO_COMMON_BLOCKS = YES;
				GCC_WARN_64_TO_32_BIT_CONVERSION = YES;
				GCC_WARN_ABOUT_RETURN_TYPE = YES_ERROR;
				GCC_WARN_UNDECLARED_SELECTOR = YES;
				GCC_WARN_UNINITIALIZED_AUTOS = YES_AGGRESSIVE;
				GCC_WARN_UNUSED_FUNCTION = YES;
				GCC_WARN_UNUSED_VARIABLE = YES;
				MACOSX_DEPLOYMENT_TARGET = 10.11;
				MTL_ENABLE_DEBUG_INFO = NO;
				SDKROOT = macosx;
			};
			name = Release;
		};
		04A185C61C71424F00DB4878 /* Debug */ = {
			isa = XCBuildConfiguration;
			buildSettings = {
				PRODUCT_NAME = "$(TARGET_NAME)";
			};
			name = Debug;
		};
		04A185C71C71424F00DB4878 /* Release */ = {
			isa = XCBuildConfiguration;
			buildSettings = {
				PRODUCT_NAME = "$(TARGET_NAME)";
			};
			name = Release;
		};
/* End XCBuildConfiguration section */

/* Begin XCConfigurationList section */
		04A185B91C71424F00DB4878 /* Build configuration list for PBXProject "ObcLearn" */ = {
			isa = XCConfigurationList;
			buildConfigurations = (
				04A185C31C71424F00DB4878 /* Debug */,
				04A185C41C71424F00DB4878 /* Release */,
			);
			defaultConfigurationIsVisible = 0;
			defaultConfigurationName = Release;
		};
		04A185C51C71424F00DB4878 /* Build configuration list for PBXNativeTarget "ObcLearn" */ = {
			isa = XCConfigurationList;
			buildConfigurations = (
				04A185C61C71424F00DB4878 /* Debug */,
				04A185C71C71424F00DB4878 /* Release */,
			);
			defaultConfigurationIsVisible = 0;
			defaultConfigurationName = Release;
		};
/* End XCConfigurationList section */
	};
	rootObject = 04A185B61C71424F00DB4878 /* Project object */;
}
